
Microsoft Visual Studio Solution File, Format Version 12.00
# Visual Studio 15
VisualStudioVersion = 15.0.27004.2005
MinimumVisualStudioVersion = 10.0.40219.1
Project("{FAE04EC0-301F-11D3-BF4B-00C04F79EFBC}") = "MatrizDeAdjacencia", "MatrizDeAdjacencia\MatrizDeAdjacencia.csproj", "{93A8BF3C-639C-4F19-805A-1FC1559C9E1A}"
EndProject
Global
	GlobalSection(SolutionConfigurationPlatforms) = preSolution
		Debug|Any CPU = Debug|Any CPU
		Release|Any CPU = Release|Any CPU
	EndGlobalSection
	GlobalSection(ProjectConfigurationPlatforms) = postSolution
		{93A8BF3C-639C-4F19-805A-1FC1559C9E1A}.Debug|Any CPU.ActiveCfg = Debug|Any CPU
		{93A8BF3C-639C-4F19-805A-1FC1559C9E1A}.Debug|Any CPU.Build.0 = Debug|Any CPU
		{93A8BF3C-639C-4F19-805A-1FC1559C9E1A}.Release|Any CPU.ActiveCfg = Release|Any CPU
		{93A8BF3C-639C-4F19-805A-1FC1559C9E1A}.Release|Any CPU.Build.0 = Release|Any CPU
	EndGlobalSection
	GlobalSection(SolutionProperties) = preSolution
		HideSolutionNode = FALSE
	EndGlobalSection
	GlobalSection(ExtensibilityGlobals) = postSolution
		SolutionGuid = {25699782-ECC0-4630-AAD2-D8F3B26B8537}
	EndGlobalSection
EndGlobal
